
Microsoft Visual Studio Solution File, Format Version 12.00
# Visual Studio Version 16
VisualStudioVersion = 16.0.32228.343
MinimumVisualStudioVersion = 10.0.40219.1
Project("{FAE04EC0-301F-11D3-BF4B-00C04F79EFBC}") = "WebApplication2", "WebApplication2\WebApplication2.csproj", "{C2FB06C4-B61D-46CF-B151-2317FB6D048C}"
EndProject
Global
	GlobalSection(SolutionConfigurationPlatforms) = preSolution
		Debug|Any CPU = Debug|Any CPU
		Release|Any CPU = Release|Any CPU
	EndGlobalSection
	GlobalSection(ProjectConfigurationPlatforms) = postSolution
		{C2FB06C4-B61D-46CF-B151-2317FB6D048C}.Debug|Any CPU.ActiveCfg = Debug|Any CPU
		{C2FB06C4-B61D-46CF-B151-2317FB6D048C}.Debug|Any CPU.Build.0 = Debug|Any CPU
		{C2FB06C4-B61D-46CF-B151-2317FB6D048C}.Release|Any CPU.ActiveCfg = Release|Any CPU
		{C2FB06C4-B61D-46CF-B151-2317FB6D048C}.Release|Any CPU.Build.0 = Release|Any CPU
	EndGlobalSection
	GlobalSection(SolutionProperties) = preSolution
		HideSolutionNode = FALSE
	EndGlobalSection
	GlobalSection(ExtensibilityGlobals) = postSolution
		SolutionGuid = {405E9D2F-6AB0-4469-9266-C47471FE9282}
	EndGlobalSection
EndGlobal
